
Microsoft Visual Studio Solution File, Format Version 12.00
# Visual Studio Version 16
VisualStudioVersion = 16.0.29920.165
MinimumVisualStudioVersion = 10.0.40219.1
Project("{FAE04EC0-301F-11D3-BF4B-00C04F79EFBC}") = "EventLab01", "EventLab01.csproj", "{A0EEA07E-DF3A-4441-8901-ADA9E04CF322}"
EndProject
Global
	GlobalSection(SolutionConfigurationPlatforms) = preSolution
		Debug|Any CPU = Debug|Any CPU
		Release|Any CPU = Release|Any CPU
	EndGlobalSection
	GlobalSection(ProjectConfigurationPlatforms) = postSolution
		{A0EEA07E-DF3A-4441-8901-ADA9E04CF322}.Debug|Any CPU.ActiveCfg = Debug|Any CPU
		{A0EEA07E-DF3A-4441-8901-ADA9E04CF322}.Debug|Any CPU.Build.0 = Debug|Any CPU
		{A0EEA07E-DF3A-4441-8901-ADA9E04CF322}.Release|Any CPU.ActiveCfg = Release|Any CPU
		{A0EEA07E-DF3A-4441-8901-ADA9E04CF322}.Release|Any CPU.Build.0 = Release|Any CPU
	EndGlobalSection
	GlobalSection(SolutionProperties) = preSolution
		HideSolutionNode = FALSE
	EndGlobalSection
	GlobalSection(ExtensibilityGlobals) = postSolution
		SolutionGuid = {A70E80A7-6144-4264-AF0A-BA5184047248}
	EndGlobalSection
EndGlobal
