
Microsoft Visual Studio Solution File, Format Version 12.00
# Visual Studio Version 16
VisualStudioVersion = 16.0.29926.136
MinimumVisualStudioVersion = 10.0.40219.1
Project("{FAE04EC0-301F-11D3-BF4B-00C04F79EFBC}") = "Exercise11Vector", "Exercise11Vector.csproj", "{4E7BCDD2-FAC7-4914-A3F9-5E442F5B6862}"
EndProject
Global
	GlobalSection(SolutionConfigurationPlatforms) = preSolution
		Debug|Any CPU = Debug|Any CPU
		Release|Any CPU = Release|Any CPU
	EndGlobalSection
	GlobalSection(ProjectConfigurationPlatforms) = postSolution
		{4E7BCDD2-FAC7-4914-A3F9-5E442F5B6862}.Debug|Any CPU.ActiveCfg = Debug|Any CPU
		{4E7BCDD2-FAC7-4914-A3F9-5E442F5B6862}.Debug|Any CPU.Build.0 = Debug|Any CPU
		{4E7BCDD2-FAC7-4914-A3F9-5E442F5B6862}.Release|Any CPU.ActiveCfg = Release|Any CPU
		{4E7BCDD2-FAC7-4914-A3F9-5E442F5B6862}.Release|Any CPU.Build.0 = Release|Any CPU
	EndGlobalSection
	GlobalSection(SolutionProperties) = preSolution
		HideSolutionNode = FALSE
	EndGlobalSection
	GlobalSection(ExtensibilityGlobals) = postSolution
		SolutionGuid = {5BB05067-B9D9-47C7-A8A0-2FAA8678A6E2}
	EndGlobalSection
EndGlobal
