
Microsoft Visual Studio Solution File, Format Version 12.00
# Visual Studio Version 16
VisualStudioVersion = 16.0.29926.136
MinimumVisualStudioVersion = 10.0.40219.1
Project("{FAE04EC0-301F-11D3-BF4B-00C04F79EFBC}") = "Exercise13HistoryTest", "Exercise13HistoryTest.csproj", "{8191B7FD-BEB7-469B-B693-A0D841ADFBF2}"
EndProject
Global
	GlobalSection(SolutionConfigurationPlatforms) = preSolution
		Debug|Any CPU = Debug|Any CPU
		Release|Any CPU = Release|Any CPU
	EndGlobalSection
	GlobalSection(ProjectConfigurationPlatforms) = postSolution
		{8191B7FD-BEB7-469B-B693-A0D841ADFBF2}.Debug|Any CPU.ActiveCfg = Debug|Any CPU
		{8191B7FD-BEB7-469B-B693-A0D841ADFBF2}.Debug|Any CPU.Build.0 = Debug|Any CPU
		{8191B7FD-BEB7-469B-B693-A0D841ADFBF2}.Release|Any CPU.ActiveCfg = Release|Any CPU
		{8191B7FD-BEB7-469B-B693-A0D841ADFBF2}.Release|Any CPU.Build.0 = Release|Any CPU
	EndGlobalSection
	GlobalSection(SolutionProperties) = preSolution
		HideSolutionNode = FALSE
	EndGlobalSection
	GlobalSection(ExtensibilityGlobals) = postSolution
		SolutionGuid = {0C43B519-E788-4540-91F7-C6536FF00D3E}
	EndGlobalSection
EndGlobal
