
Microsoft Visual Studio Solution File, Format Version 12.00
# Visual Studio Version 16
VisualStudioVersion = 16.0.29926.136
MinimumVisualStudioVersion = 10.0.40219.1
Project("{FAE04EC0-301F-11D3-BF4B-00C04F79EFBC}") = "MvcMovie", "MvcMovie.csproj", "{FE60BB84-FAAC-4868-AC93-3F5E5B2F298A}"
EndProject
Global
	GlobalSection(SolutionConfigurationPlatforms) = preSolution
		Debug|Any CPU = Debug|Any CPU
		Release|Any CPU = Release|Any CPU
	EndGlobalSection
	GlobalSection(ProjectConfigurationPlatforms) = postSolution
		{FE60BB84-FAAC-4868-AC93-3F5E5B2F298A}.Debug|Any CPU.ActiveCfg = Debug|Any CPU
		{FE60BB84-FAAC-4868-AC93-3F5E5B2F298A}.Debug|Any CPU.Build.0 = Debug|Any CPU
		{FE60BB84-FAAC-4868-AC93-3F5E5B2F298A}.Release|Any CPU.ActiveCfg = Release|Any CPU
		{FE60BB84-FAAC-4868-AC93-3F5E5B2F298A}.Release|Any CPU.Build.0 = Release|Any CPU
	EndGlobalSection
	GlobalSection(SolutionProperties) = preSolution
		HideSolutionNode = FALSE
	EndGlobalSection
	GlobalSection(ExtensibilityGlobals) = postSolution
		SolutionGuid = {97AF9FC9-1720-4CC2-98A5-B527FB55B0BD}
	EndGlobalSection
EndGlobal
