
Microsoft Visual Studio Solution File, Format Version 12.00
# Visual Studio Version 16
VisualStudioVersion = 16.0.29926.136
MinimumVisualStudioVersion = 10.0.40219.1
Project("{FAE04EC0-301F-11D3-BF4B-00C04F79EFBC}") = "Exercise12A", "Exercise12A.csproj", "{B7004523-33FD-4AF7-BCE5-DF1AC9C0CAD0}"
EndProject
Global
	GlobalSection(SolutionConfigurationPlatforms) = preSolution
		Debug|Any CPU = Debug|Any CPU
		Release|Any CPU = Release|Any CPU
	EndGlobalSection
	GlobalSection(ProjectConfigurationPlatforms) = postSolution
		{B7004523-33FD-4AF7-BCE5-DF1AC9C0CAD0}.Debug|Any CPU.ActiveCfg = Debug|Any CPU
		{B7004523-33FD-4AF7-BCE5-DF1AC9C0CAD0}.Debug|Any CPU.Build.0 = Debug|Any CPU
		{B7004523-33FD-4AF7-BCE5-DF1AC9C0CAD0}.Release|Any CPU.ActiveCfg = Release|Any CPU
		{B7004523-33FD-4AF7-BCE5-DF1AC9C0CAD0}.Release|Any CPU.Build.0 = Release|Any CPU
	EndGlobalSection
	GlobalSection(SolutionProperties) = preSolution
		HideSolutionNode = FALSE
	EndGlobalSection
	GlobalSection(ExtensibilityGlobals) = postSolution
		SolutionGuid = {7898FFF5-22FB-419D-8769-B3B43E11C7DD}
	EndGlobalSection
EndGlobal
